
Microsoft Visual Studio Solution File, Format Version 12.00
# Visual Studio 15
VisualStudioVersion = 15.0.27428.2015
MinimumVisualStudioVersion = 10.0.40219.1
Project("{FAE04EC0-301F-11D3-BF4B-00C04F79EFBC}") = "AngularJSAuthentication", "AngularJSAuthentication\AngularJSAuthentication.csproj", "{45FFA3B1-6723-4C24-97E3-E882D9634A42}"
EndProject
Global
	GlobalSection(SolutionConfigurationPlatforms) = preSolution
		Debug|Any CPU = Debug|Any CPU
		Release|Any CPU = Release|Any CPU
	EndGlobalSection
	GlobalSection(ProjectConfigurationPlatforms) = postSolution
		{45FFA3B1-6723-4C24-97E3-E882D9634A42}.Debug|Any CPU.ActiveCfg = Debug|Any CPU
		{45FFA3B1-6723-4C24-97E3-E882D9634A42}.Debug|Any CPU.Build.0 = Debug|Any CPU
		{45FFA3B1-6723-4C24-97E3-E882D9634A42}.Release|Any CPU.ActiveCfg = Release|Any CPU
		{45FFA3B1-6723-4C24-97E3-E882D9634A42}.Release|Any CPU.Build.0 = Release|Any CPU
	EndGlobalSection
	GlobalSection(SolutionProperties) = preSolution
		HideSolutionNode = FALSE
	EndGlobalSection
	GlobalSection(ExtensibilityGlobals) = postSolution
		SolutionGuid = {B55C38FD-5596-4637-86B4-FA96640C2FF5}
	EndGlobalSection
EndGlobal
